
Microsoft Visual Studio Solution File, Format Version 12.00
# Visual Studio 15
Project("{FAE04EC0-301F-11D3-BF4B-00C04F79EFBC}") = "KeyShortcutDetection", "KeyShortcutDetection\KeyShortcutDetection.csproj", "{61B091BF-2A49-46DA-A4B4-CCCFF9C11D50}"
EndProject
Project("{FAE04EC0-301F-11D3-BF4B-00C04F79EFBC}") = "KeyShortcutDetection.macOS", "KeyShortcutDetection.macOS\KeyShortcutDetection.macOS.csproj", "{5FE801F9-6E21-4775-9D2B-021A1385A20C}"
EndProject
Global
	GlobalSection(SolutionConfigurationPlatforms) = preSolution
		Debug|iPhoneSimulator = Debug|iPhoneSimulator
		Release|iPhoneSimulator = Release|iPhoneSimulator
		Debug|iPhone = Debug|iPhone
		Release|iPhone = Release|iPhone
		Ad-Hoc|iPhone = Ad-Hoc|iPhone
		AppStore|iPhone = AppStore|iPhone
		Debug|Any CPU = Debug|Any CPU
		Release|Any CPU = Release|Any CPU
	EndGlobalSection
	GlobalSection(ProjectConfigurationPlatforms) = postSolution
		{61B091BF-2A49-46DA-A4B4-CCCFF9C11D50}.Debug|iPhoneSimulator.ActiveCfg = Debug|Any CPU
		{61B091BF-2A49-46DA-A4B4-CCCFF9C11D50}.Debug|iPhoneSimulator.Build.0 = Debug|Any CPU
		{61B091BF-2A49-46DA-A4B4-CCCFF9C11D50}.Release|iPhoneSimulator.ActiveCfg = Release|Any CPU
		{61B091BF-2A49-46DA-A4B4-CCCFF9C11D50}.Release|iPhoneSimulator.Build.0 = Release|Any CPU
		{61B091BF-2A49-46DA-A4B4-CCCFF9C11D50}.Debug|iPhone.ActiveCfg = Debug|Any CPU
		{61B091BF-2A49-46DA-A4B4-CCCFF9C11D50}.Debug|iPhone.Build.0 = Debug|Any CPU
		{61B091BF-2A49-46DA-A4B4-CCCFF9C11D50}.Release|iPhone.ActiveCfg = Release|Any CPU
		{61B091BF-2A49-46DA-A4B4-CCCFF9C11D50}.Release|iPhone.Build.0 = Release|Any CPU
		{61B091BF-2A49-46DA-A4B4-CCCFF9C11D50}.Ad-Hoc|iPhone.ActiveCfg = Release|Any CPU
		{61B091BF-2A49-46DA-A4B4-CCCFF9C11D50}.Ad-Hoc|iPhone.Build.0 = Release|Any CPU
		{61B091BF-2A49-46DA-A4B4-CCCFF9C11D50}.AppStore|iPhone.ActiveCfg = Release|Any CPU
		{61B091BF-2A49-46DA-A4B4-CCCFF9C11D50}.AppStore|iPhone.Build.0 = Release|Any CPU
		{61B091BF-2A49-46DA-A4B4-CCCFF9C11D50}.Debug|Any CPU.ActiveCfg = Debug|Any CPU
		{61B091BF-2A49-46DA-A4B4-CCCFF9C11D50}.Debug|Any CPU.Build.0 = Debug|Any CPU
		{61B091BF-2A49-46DA-A4B4-CCCFF9C11D50}.Release|Any CPU.ActiveCfg = Release|Any CPU
		{61B091BF-2A49-46DA-A4B4-CCCFF9C11D50}.Release|Any CPU.Build.0 = Release|Any CPU
		{5FE801F9-6E21-4775-9D2B-021A1385A20C}.Debug|iPhoneSimulator.ActiveCfg = Debug|iPhoneSimulator
		{5FE801F9-6E21-4775-9D2B-021A1385A20C}.Debug|iPhoneSimulator.Build.0 = Debug|iPhoneSimulator
		{5FE801F9-6E21-4775-9D2B-021A1385A20C}.Release|iPhoneSimulator.ActiveCfg = Release|iPhoneSimulator
		{5FE801F9-6E21-4775-9D2B-021A1385A20C}.Release|iPhoneSimulator.Build.0 = Release|iPhoneSimulator
		{5FE801F9-6E21-4775-9D2B-021A1385A20C}.Debug|iPhone.ActiveCfg = Debug|iPhoneSimulator
		{5FE801F9-6E21-4775-9D2B-021A1385A20C}.Debug|iPhone.Build.0 = Debug|iPhoneSimulator
		{5FE801F9-6E21-4775-9D2B-021A1385A20C}.Release|iPhone.ActiveCfg = Release|iPhoneSimulator
		{5FE801F9-6E21-4775-9D2B-021A1385A20C}.Release|iPhone.Build.0 = Release|iPhoneSimulator
		{5FE801F9-6E21-4775-9D2B-021A1385A20C}.Ad-Hoc|iPhone.ActiveCfg = Debug|iPhoneSimulator
		{5FE801F9-6E21-4775-9D2B-021A1385A20C}.Ad-Hoc|iPhone.Build.0 = Debug|iPhoneSimulator
		{5FE801F9-6E21-4775-9D2B-021A1385A20C}.AppStore|iPhone.ActiveCfg = Debug|iPhoneSimulator
		{5FE801F9-6E21-4775-9D2B-021A1385A20C}.AppStore|iPhone.Build.0 = Debug|iPhoneSimulator
		{5FE801F9-6E21-4775-9D2B-021A1385A20C}.Debug|Any CPU.ActiveCfg = Debug|iPhoneSimulator
		{5FE801F9-6E21-4775-9D2B-021A1385A20C}.Debug|Any CPU.Build.0 = Debug|iPhoneSimulator
		{5FE801F9-6E21-4775-9D2B-021A1385A20C}.Release|Any CPU.ActiveCfg = Release|iPhoneSimulator
		{5FE801F9-6E21-4775-9D2B-021A1385A20C}.Release|Any CPU.Build.0 = Release|iPhoneSimulator
	EndGlobalSection
EndGlobal
